
Microsoft Visual Studio Solution File, Format Version 12.00
# Visual Studio Version 16
VisualStudioVersion = 16.0.30204.135
MinimumVisualStudioVersion = 10.0.40219.1
Project("{FAE04EC0-301F-11D3-BF4B-00C04F79EFBC}") = "ZoomBreakoutRoomAllocator", "ZoomBreakoutRoomAllocator\ZoomBreakoutRoomAllocator.csproj", "{F717FDAA-AA55-4C64-8E7E-63E599E3BB65}"
EndProject
Global
	GlobalSection(SolutionConfigurationPlatforms) = preSolution
		Debug|Any CPU = Debug|Any CPU
		Release|Any CPU = Release|Any CPU
	EndGlobalSection
	GlobalSection(ProjectConfigurationPlatforms) = postSolution
		{F717FDAA-AA55-4C64-8E7E-63E599E3BB65}.Debug|Any CPU.ActiveCfg = Debug|Any CPU
		{F717FDAA-AA55-4C64-8E7E-63E599E3BB65}.Debug|Any CPU.Build.0 = Debug|Any CPU
		{F717FDAA-AA55-4C64-8E7E-63E599E3BB65}.Release|Any CPU.ActiveCfg = Release|Any CPU
		{F717FDAA-AA55-4C64-8E7E-63E599E3BB65}.Release|Any CPU.Build.0 = Release|Any CPU
	EndGlobalSection
	GlobalSection(SolutionProperties) = preSolution
		HideSolutionNode = FALSE
	EndGlobalSection
	GlobalSection(ExtensibilityGlobals) = postSolution
		SolutionGuid = {C14DB714-E430-45FC-986B-F5FFD1BC7575}
	EndGlobalSection
EndGlobal
